// !$*UTF8*$!
{
	archiveVersion = 1;
	classes = {
	};
	objectVersion = 55;
	objects = {

/* Begin PBXBuildFile section */
		6316D44528D77D650022C373 /* MainViewController.xib in Resources */ = {isa = PBXBuildFile; fileRef = 6316D44428D77D650022C373 /* MainViewController.xib */; };
		63256F2D28FC331800D2319C /* Dictionary+CoreDataClass.swift in Sources */ = {isa = PBXBuildFile; fileRef = 63256F2928FC331800D2319C /* Dictionary+CoreDataClass.swift */; };
		63256F2E28FC331800D2319C /* Dictionary+CoreDataProperties.swift in Sources */ = {isa = PBXBuildFile; fileRef = 63256F2A28FC331800D2319C /* Dictionary+CoreDataProperties.swift */; };
		63256F2F28FC331800D2319C /* Word+CoreDataClass.swift in Sources */ = {isa = PBXBuildFile; fileRef = 63256F2B28FC331800D2319C /* Word+CoreDataClass.swift */; };
		63256F3028FC331800D2319C /* Word+CoreDataProperties.swift in Sources */ = {isa = PBXBuildFile; fileRef = 63256F2C28FC331800D2319C /* Word+CoreDataProperties.swift */; };
		6335B10F28BFC2760023C33A /* wordsdef.plist in Resources */ = {isa = PBXBuildFile; fileRef = 6335B10E28BFC2760023C33A /* wordsdef.plist */; };
		63547EA028B91FE100A03730 /* AppDelegate.swift in Sources */ = {isa = PBXBuildFile; fileRef = 63547E9F28B91FE100A03730 /* AppDelegate.swift */; };
		63547EA228B91FE100A03730 /* SceneDelegate.swift in Sources */ = {isa = PBXBuildFile; fileRef = 63547EA128B91FE100A03730 /* SceneDelegate.swift */; };
		63547EA428B91FE100A03730 /* MainViewController.swift in Sources */ = {isa = PBXBuildFile; fileRef = 63547EA328B91FE100A03730 /* MainViewController.swift */; };
		63547EAA28B91FE100A03730 /* Laword.xcdatamodeld in Sources */ = {isa = PBXBuildFile; fileRef = 63547EA828B91FE100A03730 /* Laword.xcdatamodeld */; };
		63547EAC28B91FE200A03730 /* Assets.xcassets in Resources */ = {isa = PBXBuildFile; fileRef = 63547EAB28B91FE200A03730 /* Assets.xcassets */; };
		63547EAF28B91FE200A03730 /* LaunchScreen.storyboard in Resources */ = {isa = PBXBuildFile; fileRef = 63547EAD28B91FE200A03730 /* LaunchScreen.storyboard */; };
		635FE2FD290409A700564B7B /* wordsdef_new.plist in Resources */ = {isa = PBXBuildFile; fileRef = 635FE2FC290409A700564B7B /* wordsdef_new.plist */; };
		635FE30129046F0800564B7B /* Colors.swift in Sources */ = {isa = PBXBuildFile; fileRef = 635FE30029046F0800564B7B /* Colors.swift */; };
		6372A073290324CC00889958 /* DictionaryListPresenter.swift in Sources */ = {isa = PBXBuildFile; fileRef = 6372A072290324CC00889958 /* DictionaryListPresenter.swift */; };
		6372A0792903258200889958 /* DictionaryCollectionViewCell.swift in Sources */ = {isa = PBXBuildFile; fileRef = 6372A0772903258200889958 /* DictionaryCollectionViewCell.swift */; };
		6372A07A2903258200889958 /* DictionaryCollectionViewCell.xib in Resources */ = {isa = PBXBuildFile; fileRef = 6372A0782903258200889958 /* DictionaryCollectionViewCell.xib */; };
		6372A07D290325BC00889958 /* DictionaryListCollectionViewController.swift in Sources */ = {isa = PBXBuildFile; fileRef = 6372A07B290325BC00889958 /* DictionaryListCollectionViewController.swift */; };
		6372A07E290325BC00889958 /* DictionaryListCollectionViewController.xib in Resources */ = {isa = PBXBuildFile; fileRef = 6372A07C290325BC00889958 /* DictionaryListCollectionViewController.xib */; };
		6372A0802903262800889958 /* HeaderCollectionReusableView.swift in Sources */ = {isa = PBXBuildFile; fileRef = 6372A07F2903262800889958 /* HeaderCollectionReusableView.swift */; };
		6387995A28F2F49B00D9590F /* SM2Manager.swift in Sources */ = {isa = PBXBuildFile; fileRef = 6387995928F2F49B00D9590F /* SM2Manager.swift */; };
		63DB606E28BB2124002ADD6E /* DataStoreManager.swift in Sources */ = {isa = PBXBuildFile; fileRef = 63DB606D28BB2124002ADD6E /* DataStoreManager.swift */; };
		63F402FB28CE237A00D34438 /* MainPresenter.swift in Sources */ = {isa = PBXBuildFile; fileRef = 63F402FA28CE237A00D34438 /* MainPresenter.swift */; };
		63F402FD28CE25CA00D34438 /* Builder.swift in Sources */ = {isa = PBXBuildFile; fileRef = 63F402FC28CE25CA00D34438 /* Builder.swift */; };
		77205DAE290BFBF60004351B /* SettingsViewController.swift in Sources */ = {isa = PBXBuildFile; fileRef = 77205DAC290BFBF60004351B /* SettingsViewController.swift */; };
		779E5FB6290DAE9500C23E97 /* SettingsHelper.swift in Sources */ = {isa = PBXBuildFile; fileRef = 779E5FB5290DAE9500C23E97 /* SettingsHelper.swift */; };
		77F75566290486B4009A87D5 /* ModelOfSettings.swift in Sources */ = {isa = PBXBuildFile; fileRef = 77F75565290486B4009A87D5 /* ModelOfSettings.swift */; };
		77F7556929048844009A87D5 /* SettingsPresenter.swift in Sources */ = {isa = PBXBuildFile; fileRef = 77F7556829048843009A87D5 /* SettingsPresenter.swift */; };
/* End PBXBuildFile section */

/* Begin PBXFileReference section */
		6316D44428D77D650022C373 /* MainViewController.xib */ = {isa = PBXFileReference; lastKnownFileType = file.xib; path = MainViewController.xib; sourceTree = "<group>"; };
		63256F2928FC331800D2319C /* Dictionary+CoreDataClass.swift */ = {isa = PBXFileReference; lastKnownFileType = sourcecode.swift; path = "Dictionary+CoreDataClass.swift"; sourceTree = "<group>"; };
		63256F2A28FC331800D2319C /* Dictionary+CoreDataProperties.swift */ = {isa = PBXFileReference; lastKnownFileType = sourcecode.swift; path = "Dictionary+CoreDataProperties.swift"; sourceTree = "<group>"; };
		63256F2B28FC331800D2319C /* Word+CoreDataClass.swift */ = {isa = PBXFileReference; lastKnownFileType = sourcecode.swift; path = "Word+CoreDataClass.swift"; sourceTree = "<group>"; };
		63256F2C28FC331800D2319C /* Word+CoreDataProperties.swift */ = {isa = PBXFileReference; lastKnownFileType = sourcecode.swift; path = "Word+CoreDataProperties.swift"; sourceTree = "<group>"; };
		6335B10E28BFC2760023C33A /* wordsdef.plist */ = {isa = PBXFileReference; fileEncoding = 4; lastKnownFileType = text.plist.xml; path = wordsdef.plist; sourceTree = "<group>"; };
		63547E9C28B91FE100A03730 /* Laword.app */ = {isa = PBXFileReference; explicitFileType = wrapper.application; includeInIndex = 0; path = Laword.app; sourceTree = BUILT_PRODUCTS_DIR; };
		63547E9F28B91FE100A03730 /* AppDelegate.swift */ = {isa = PBXFileReference; lastKnownFileType = sourcecode.swift; path = AppDelegate.swift; sourceTree = "<group>"; };
		63547EA128B91FE100A03730 /* SceneDelegate.swift */ = {isa = PBXFileReference; lastKnownFileType = sourcecode.swift; path = SceneDelegate.swift; sourceTree = "<group>"; };
		63547EA328B91FE100A03730 /* MainViewController.swift */ = {isa = PBXFileReference; lastKnownFileType = sourcecode.swift; path = MainViewController.swift; sourceTree = "<group>"; };
		63547EA928B91FE100A03730 /* Laword.xcdatamodel */ = {isa = PBXFileReference; lastKnownFileType = wrapper.xcdatamodel; path = Laword.xcdatamodel; sourceTree = "<group>"; };
		63547EAB28B91FE200A03730 /* Assets.xcassets */ = {isa = PBXFileReference; lastKnownFileType = folder.assetcatalog; path = Assets.xcassets; sourceTree = "<group>"; };
		63547EAE28B91FE200A03730 /* Base */ = {isa = PBXFileReference; lastKnownFileType = file.storyboard; name = Base; path = Base.lproj/LaunchScreen.storyboard; sourceTree = "<group>"; };
		63547EB028B91FE200A03730 /* Info.plist */ = {isa = PBXFileReference; lastKnownFileType = text.plist.xml; path = Info.plist; sourceTree = "<group>"; };
		635FE2FC290409A700564B7B /* wordsdef_new.plist */ = {isa = PBXFileReference; fileEncoding = 4; lastKnownFileType = text.plist.xml; path = wordsdef_new.plist; sourceTree = "<group>"; };
		635FE30029046F0800564B7B /* Colors.swift */ = {isa = PBXFileReference; lastKnownFileType = sourcecode.swift; path = Colors.swift; sourceTree = "<group>"; };
		6372A072290324CC00889958 /* DictionaryListPresenter.swift */ = {isa = PBXFileReference; lastKnownFileType = sourcecode.swift; path = DictionaryListPresenter.swift; sourceTree = "<group>"; };
		6372A0772903258200889958 /* DictionaryCollectionViewCell.swift */ = {isa = PBXFileReference; lastKnownFileType = sourcecode.swift; path = DictionaryCollectionViewCell.swift; sourceTree = "<group>"; };
		6372A0782903258200889958 /* DictionaryCollectionViewCell.xib */ = {isa = PBXFileReference; lastKnownFileType = file.xib; path = DictionaryCollectionViewCell.xib; sourceTree = "<group>"; };
		6372A07B290325BC00889958 /* DictionaryListCollectionViewController.swift */ = {isa = PBXFileReference; lastKnownFileType = sourcecode.swift; path = DictionaryListCollectionViewController.swift; sourceTree = "<group>"; };
		6372A07C290325BC00889958 /* DictionaryListCollectionViewController.xib */ = {isa = PBXFileReference; lastKnownFileType = file.xib; path = DictionaryListCollectionViewController.xib; sourceTree = "<group>"; };
		6372A07F2903262800889958 /* HeaderCollectionReusableView.swift */ = {isa = PBXFileReference; lastKnownFileType = sourcecode.swift; path = HeaderCollectionReusableView.swift; sourceTree = "<group>"; };
		6387995928F2F49B00D9590F /* SM2Manager.swift */ = {isa = PBXFileReference; lastKnownFileType = sourcecode.swift; path = SM2Manager.swift; sourceTree = "<group>"; };
		63DB606D28BB2124002ADD6E /* DataStoreManager.swift */ = {isa = PBXFileReference; lastKnownFileType = sourcecode.swift; path = DataStoreManager.swift; sourceTree = "<group>"; };
		63F402FA28CE237A00D34438 /* MainPresenter.swift */ = {isa = PBXFileReference; lastKnownFileType = sourcecode.swift; path = MainPresenter.swift; sourceTree = "<group>"; };
		63F402FC28CE25CA00D34438 /* Builder.swift */ = {isa = PBXFileReference; lastKnownFileType = sourcecode.swift; path = Builder.swift; sourceTree = "<group>"; };
		77205DAC290BFBF60004351B /* SettingsViewController.swift */ = {isa = PBXFileReference; lastKnownFileType = sourcecode.swift; path = SettingsViewController.swift; sourceTree = "<group>"; };
		779E5FB5290DAE9500C23E97 /* SettingsHelper.swift */ = {isa = PBXFileReference; lastKnownFileType = sourcecode.swift; path = SettingsHelper.swift; sourceTree = "<group>"; };
		77F75565290486B4009A87D5 /* ModelOfSettings.swift */ = {isa = PBXFileReference; lastKnownFileType = sourcecode.swift; path = ModelOfSettings.swift; sourceTree = "<group>"; };
		77F7556829048843009A87D5 /* SettingsPresenter.swift */ = {isa = PBXFileReference; lastKnownFileType = sourcecode.swift; path = SettingsPresenter.swift; sourceTree = "<group>"; };
/* End PBXFileReference section */

/* Begin PBXFrameworksBuildPhase section */
		63547E9928B91FE100A03730 /* Frameworks */ = {
			isa = PBXFrameworksBuildPhase;
			buildActionMask = 2147483647;
			files = (
			);
			runOnlyForDeploymentPostprocessing = 0;
		};
/* End PBXFrameworksBuildPhase section */

/* Begin PBXGroup section */
		63547E9328B91FE000A03730 = {
			isa = PBXGroup;
			children = (
				63547E9E28B91FE100A03730 /* Laword */,
				63547E9D28B91FE100A03730 /* Products */,
			);
			sourceTree = "<group>";
		};
		63547E9D28B91FE100A03730 /* Products */ = {
			isa = PBXGroup;
			children = (
				63547E9C28B91FE100A03730 /* Laword.app */,
			);
			name = Products;
			sourceTree = "<group>";
		};
		63547E9E28B91FE100A03730 /* Laword */ = {
			isa = PBXGroup;
			children = (
				63F402FC28CE25CA00D34438 /* Builder.swift */,
				635FE30029046F0800564B7B /* Colors.swift */,
				77F75562290485BC009A87D5 /* SettingsModule */,
				6372A075290324E800889958 /* DictionaryListModule */,
				63547EB828B925D600A03730 /* ServiceLayer */,
				63547EB728B925C600A03730 /* MainModule */,
				63547EB628B9210900A03730 /* Apps */,
				63547EA828B91FE100A03730 /* Laword.xcdatamodeld */,
				6335B10E28BFC2760023C33A /* wordsdef.plist */,
				635FE2FC290409A700564B7B /* wordsdef_new.plist */,
			);
			path = Laword;
			sourceTree = "<group>";
		};
		63547EB628B9210900A03730 /* Apps */ = {
			isa = PBXGroup;
			children = (
				63547E9F28B91FE100A03730 /* AppDelegate.swift */,
				63547EA128B91FE100A03730 /* SceneDelegate.swift */,
				63547EAB28B91FE200A03730 /* Assets.xcassets */,
				63547EAD28B91FE200A03730 /* LaunchScreen.storyboard */,
				63547EB028B91FE200A03730 /* Info.plist */,
			);
			path = Apps;
			sourceTree = "<group>";
		};
		63547EB728B925C600A03730 /* MainModule */ = {
			isa = PBXGroup;
			children = (
				63547EB928B925EF00A03730 /* Model */,
				63547EBA28B925F600A03730 /* Presenter */,
				63547EBB28B9261100A03730 /* View */,
			);
			path = MainModule;
			sourceTree = "<group>";
		};
		63547EB828B925D600A03730 /* ServiceLayer */ = {
			isa = PBXGroup;
			children = (
				63DB606D28BB2124002ADD6E /* DataStoreManager.swift */,
				6387995928F2F49B00D9590F /* SM2Manager.swift */,
				779E5FB5290DAE9500C23E97 /* SettingsHelper.swift */,
			);
			path = ServiceLayer;
			sourceTree = "<group>";
		};
		63547EB928B925EF00A03730 /* Model */ = {
			isa = PBXGroup;
			children = (
				63256F2928FC331800D2319C /* Dictionary+CoreDataClass.swift */,
				63256F2A28FC331800D2319C /* Dictionary+CoreDataProperties.swift */,
				63256F2B28FC331800D2319C /* Word+CoreDataClass.swift */,
				63256F2C28FC331800D2319C /* Word+CoreDataProperties.swift */,
			);
			path = Model;
			sourceTree = "<group>";
		};
		63547EBA28B925F600A03730 /* Presenter */ = {
			isa = PBXGroup;
			children = (
				63F402FA28CE237A00D34438 /* MainPresenter.swift */,
			);
			path = Presenter;
			sourceTree = "<group>";
		};
		63547EBB28B9261100A03730 /* View */ = {
			isa = PBXGroup;
			children = (
				63547EA328B91FE100A03730 /* MainViewController.swift */,
				6316D44428D77D650022C373 /* MainViewController.xib */,
			);
			path = View;
			sourceTree = "<group>";
		};
		6372A074290324D300889958 /* Presenter */ = {
			isa = PBXGroup;
			children = (
				6372A072290324CC00889958 /* DictionaryListPresenter.swift */,
			);
			path = Presenter;
			sourceTree = "<group>";
		};
		6372A075290324E800889958 /* DictionaryListModule */ = {
			isa = PBXGroup;
			children = (
				6372A076290324FA00889958 /* View */,
				6372A074290324D300889958 /* Presenter */,
			);
			path = DictionaryListModule;
			sourceTree = "<group>";
		};
		6372A076290324FA00889958 /* View */ = {
			isa = PBXGroup;
			children = (
				6372A0772903258200889958 /* DictionaryCollectionViewCell.swift */,
				6372A0782903258200889958 /* DictionaryCollectionViewCell.xib */,
				6372A07B290325BC00889958 /* DictionaryListCollectionViewController.swift */,
				6372A07C290325BC00889958 /* DictionaryListCollectionViewController.xib */,
				6372A07F2903262800889958 /* HeaderCollectionReusableView.swift */,
			);
			path = View;
			sourceTree = "<group>";
		};
		77F75562290485BC009A87D5 /* SettingsModule */ = {
			isa = PBXGroup;
			children = (
				77F75567290486BC009A87D5 /* Model */,
				77F75564290485D3009A87D5 /* Presenter */,
				77F75563290485C9009A87D5 /* View */,
			);
			path = SettingsModule;
			sourceTree = "<group>";
		};
		77F75563290485C9009A87D5 /* View */ = {
			isa = PBXGroup;
			children = (
				77205DAC290BFBF60004351B /* SettingsViewController.swift */,
			);
			path = View;
			sourceTree = "<group>";
		};
		77F75564290485D3009A87D5 /* Presenter */ = {
			isa = PBXGroup;
			children = (
				77F7556829048843009A87D5 /* SettingsPresenter.swift */,
			);
			path = Presenter;
			sourceTree = "<group>";
		};
		77F75567290486BC009A87D5 /* Model */ = {
			isa = PBXGroup;
			children = (
				77F75565290486B4009A87D5 /* ModelOfSettings.swift */,
			);
			path = Model;
			sourceTree = "<group>";
		};
/* End PBXGroup section */

/* Begin PBXNativeTarget section */
		63547E9B28B91FE100A03730 /* Laword */ = {
			isa = PBXNativeTarget;
			buildConfigurationList = 63547EB328B91FE200A03730 /* Build configuration list for PBXNativeTarget "Laword" */;
			buildPhases = (
				63547E9828B91FE100A03730 /* Sources */,
				63547E9928B91FE100A03730 /* Frameworks */,
				63547E9A28B91FE100A03730 /* Resources */,
			);
			buildRules = (
			);
			dependencies = (
			);
			name = Laword;
			productName = Laword;
			productReference = 63547E9C28B91FE100A03730 /* Laword.app */;
			productType = "com.apple.product-type.application";
		};
/* End PBXNativeTarget section */

/* Begin PBXProject section */
		63547E9428B91FE000A03730 /* Project object */ = {
			isa = PBXProject;
			attributes = {
				BuildIndependentTargetsInParallel = 1;
				LastSwiftUpdateCheck = 1330;
				LastUpgradeCheck = 1330;
				TargetAttributes = {
					63547E9B28B91FE100A03730 = {
						CreatedOnToolsVersion = 13.3;
					};
				};
			};
			buildConfigurationList = 63547E9728B91FE000A03730 /* Build configuration list for PBXProject "Laword" */;
			compatibilityVersion = "Xcode 13.0";
			developmentRegion = en;
			hasScannedForEncodings = 0;
			knownRegions = (
				en,
				Base,
			);
			mainGroup = 63547E9328B91FE000A03730;
			productRefGroup = 63547E9D28B91FE100A03730 /* Products */;
			projectDirPath = "";
			projectRoot = "";
			targets = (
				63547E9B28B91FE100A03730 /* Laword */,
			);
		};
/* End PBXProject section */

/* Begin PBXResourcesBuildPhase section */
		63547E9A28B91FE100A03730 /* Resources */ = {
			isa = PBXResourcesBuildPhase;
			buildActionMask = 2147483647;
			files = (
				6372A07A2903258200889958 /* DictionaryCollectionViewCell.xib in Resources */,
				6316D44528D77D650022C373 /* MainViewController.xib in Resources */,
				63547EAF28B91FE200A03730 /* LaunchScreen.storyboard in Resources */,
				6372A07E290325BC00889958 /* DictionaryListCollectionViewController.xib in Resources */,
				635FE2FD290409A700564B7B /* wordsdef_new.plist in Resources */,
				63547EAC28B91FE200A03730 /* Assets.xcassets in Resources */,
				6335B10F28BFC2760023C33A /* wordsdef.plist in Resources */,
			);
			runOnlyForDeploymentPostprocessing = 0;
		};
/* End PBXResourcesBuildPhase section */

/* Begin PBXSourcesBuildPhase section */
		63547E9828B91FE100A03730 /* Sources */ = {
			isa = PBXSourcesBuildPhase;
			buildActionMask = 2147483647;
			files = (
				6372A0802903262800889958 /* HeaderCollectionReusableView.swift in Sources */,
				6387995A28F2F49B00D9590F /* SM2Manager.swift in Sources */,
				77205DAE290BFBF60004351B /* SettingsViewController.swift in Sources */,
				63547EAA28B91FE100A03730 /* Laword.xcdatamodeld in Sources */,
				635FE30129046F0800564B7B /* Colors.swift in Sources */,
				63547EA428B91FE100A03730 /* MainViewController.swift in Sources */,
				63256F2F28FC331800D2319C /* Word+CoreDataClass.swift in Sources */,
				6372A07D290325BC00889958 /* DictionaryListCollectionViewController.swift in Sources */,
				63F402FD28CE25CA00D34438 /* Builder.swift in Sources */,
				63F402FB28CE237A00D34438 /* MainPresenter.swift in Sources */,
				63256F2E28FC331800D2319C /* Dictionary+CoreDataProperties.swift in Sources */,
				6372A073290324CC00889958 /* DictionaryListPresenter.swift in Sources */,
				6372A0792903258200889958 /* DictionaryCollectionViewCell.swift in Sources */,
				63547EA028B91FE100A03730 /* AppDelegate.swift in Sources */,
				63256F2D28FC331800D2319C /* Dictionary+CoreDataClass.swift in Sources */,
				63DB606E28BB2124002ADD6E /* DataStoreManager.swift in Sources */,
				779E5FB6290DAE9500C23E97 /* SettingsHelper.swift in Sources */,
				63547EA228B91FE100A03730 /* SceneDelegate.swift in Sources */,
				77F75566290486B4009A87D5 /* ModelOfSettings.swift in Sources */,
				63256F3028FC331800D2319C /* Word+CoreDataProperties.swift in Sources */,
				77F7556929048844009A87D5 /* SettingsPresenter.swift in Sources */,
			);
			runOnlyForDeploymentPostprocessing = 0;
		};
/* End PBXSourcesBuildPhase section */

/* Begin PBXVariantGroup section */
		63547EAD28B91FE200A03730 /* LaunchScreen.storyboard */ = {
			isa = PBXVariantGroup;
			children = (
				63547EAE28B91FE200A03730 /* Base */,
			);
			name = LaunchScreen.storyboard;
			sourceTree = "<group>";
		};
/* End PBXVariantGroup section */

/* Begin XCBuildConfiguration section */
		63547EB128B91FE200A03730 /* Debug */ = {
			isa = XCBuildConfiguration;
			buildSettings = {
				ALWAYS_SEARCH_USER_PATHS = NO;
				CLANG_ANALYZER_NONNULL = YES;
				CLANG_ANALYZER_NUMBER_OBJECT_CONVERSION = YES_AGGRESSIVE;
				CLANG_CXX_LANGUAGE_STANDARD = "gnu++17";
				CLANG_ENABLE_MODULES = YES;
				CLANG_ENABLE_OBJC_ARC = YES;
				CLANG_ENABLE_OBJC_WEAK = YES;
				CLANG_WARN_BLOCK_CAPTURE_AUTORELEASING = YES;
				CLANG_WARN_BOOL_CONVERSION = YES;
				CLANG_WARN_COMMA = YES;
				CLANG_WARN_CONSTANT_CONVERSION = YES;
				CLANG_WARN_DEPRECATED_OBJC_IMPLEMENTATIONS = YES;
				CLANG_WARN_DIRECT_OBJC_ISA_USAGE = YES_ERROR;
				CLANG_WARN_DOCUMENTATION_COMMENTS = YES;
				CLANG_WARN_EMPTY_BODY = YES;
				CLANG_WARN_ENUM_CONVERSION = YES;
				CLANG_WARN_INFINITE_RECURSION = YES;
				CLANG_WARN_INT_CONVERSION = YES;
				CLANG_WARN_NON_LITERAL_NULL_CONVERSION = YES;
				CLANG_WARN_OBJC_IMPLICIT_RETAIN_SELF = YES;
				CLANG_WARN_OBJC_LITERAL_CONVERSION = YES;
				CLANG_WARN_OBJC_ROOT_CLASS = YES_ERROR;
				CLANG_WARN_QUOTED_INCLUDE_IN_FRAMEWORK_HEADER = YES;
				CLANG_WARN_RANGE_LOOP_ANALYSIS = YES;
				CLANG_WARN_STRICT_PROTOTYPES = YES;
				CLANG_WARN_SUSPICIOUS_MOVE = YES;
				CLANG_WARN_UNGUARDED_AVAILABILITY = YES_AGGRESSIVE;
				CLANG_WARN_UNREACHABLE_CODE = YES;
				CLANG_WARN__DUPLICATE_METHOD_MATCH = YES;
				COPY_PHASE_STRIP = NO;
				DEBUG_INFORMATION_FORMAT = dwarf;
				ENABLE_STRICT_OBJC_MSGSEND = YES;
				ENABLE_TESTABILITY = YES;
				GCC_C_LANGUAGE_STANDARD = gnu11;
				GCC_DYNAMIC_NO_PIC = NO;
				GCC_NO_COMMON_BLOCKS = YES;
				GCC_OPTIMIZATION_LEVEL = 0;
				GCC_PREPROCESSOR_DEFINITIONS = (
					"DEBUG=1",
					"$(inherited)",
				);
				GCC_WARN_64_TO_32_BIT_CONVERSION = YES;
				GCC_WARN_ABOUT_RETURN_TYPE = YES_ERROR;
				GCC_WARN_UNDECLARED_SELECTOR = YES;
				GCC_WARN_UNINITIALIZED_AUTOS = YES_AGGRESSIVE;
				GCC_WARN_UNUSED_FUNCTION = YES;
				GCC_WARN_UNUSED_VARIABLE = YES;
				IPHONEOS_DEPLOYMENT_TARGET = 15.4;
				MTL_ENABLE_DEBUG_INFO = INCLUDE_SOURCE;
				MTL_FAST_MATH = YES;
				ONLY_ACTIVE_ARCH = YES;
				SDKROOT = iphoneos;
				SWIFT_ACTIVE_COMPILATION_CONDITIONS = DEBUG;
				SWIFT_OPTIMIZATION_LEVEL = "-Onone";
			};
			name = Debug;
		};
		63547EB228B91FE200A03730 /* Release */ = {
			isa = XCBuildConfiguration;
			buildSettings = {
				ALWAYS_SEARCH_USER_PATHS = NO;
				CLANG_ANALYZER_NONNULL = YES;
				CLANG_ANALYZER_NUMBER_OBJECT_CONVERSION = YES_AGGRESSIVE;
				CLANG_CXX_LANGUAGE_STANDARD = "gnu++17";
				CLANG_ENABLE_MODULES = YES;
				CLANG_ENABLE_OBJC_ARC = YES;
				CLANG_ENABLE_OBJC_WEAK = YES;
				CLANG_WARN_BLOCK_CAPTURE_AUTORELEASING = YES;
				CLANG_WARN_BOOL_CONVERSION = YES;
				CLANG_WARN_COMMA = YES;
				CLANG_WARN_CONSTANT_CONVERSION = YES;
				CLANG_WARN_DEPRECATED_OBJC_IMPLEMENTATIONS = YES;
				CLANG_WARN_DIRECT_OBJC_ISA_USAGE = YES_ERROR;
				CLANG_WARN_DOCUMENTATION_COMMENTS = YES;
				CLANG_WARN_EMPTY_BODY = YES;
				CLANG_WARN_ENUM_CONVERSION = YES;
				CLANG_WARN_INFINITE_RECURSION = YES;
				CLANG_WARN_INT_CONVERSION = YES;
				CLANG_WARN_NON_LITERAL_NULL_CONVERSION = YES;
				CLANG_WARN_OBJC_IMPLICIT_RETAIN_SELF = YES;
				CLANG_WARN_OBJC_LITERAL_CONVERSION = YES;
				CLANG_WARN_OBJC_ROOT_CLASS = YES_ERROR;
				CLANG_WARN_QUOTED_INCLUDE_IN_FRAMEWORK_HEADER = YES;
				CLANG_WARN_RANGE_LOOP_ANALYSIS = YES;
				CLANG_WARN_STRICT_PROTOTYPES = YES;
				CLANG_WARN_SUSPICIOUS_MOVE = YES;
				CLANG_WARN_UNGUARDED_AVAILABILITY = YES_AGGRESSIVE;
				CLANG_WARN_UNREACHABLE_CODE = YES;
				CLANG_WARN__DUPLICATE_METHOD_MATCH = YES;
				COPY_PHASE_STRIP = NO;
				DEBUG_INFORMATION_FORMAT = "dwarf-with-dsym";
				ENABLE_NS_ASSERTIONS = NO;
				ENABLE_STRICT_OBJC_MSGSEND = YES;
				GCC_C_LANGUAGE_STANDARD = gnu11;
				GCC_NO_COMMON_BLOCKS = YES;
				GCC_WARN_64_TO_32_BIT_CONVERSION = YES;
				GCC_WARN_ABOUT_RETURN_TYPE = YES_ERROR;
				GCC_WARN_UNDECLARED_SELECTOR = YES;
				GCC_WARN_UNINITIALIZED_AUTOS = YES_AGGRESSIVE;
				GCC_WARN_UNUSED_FUNCTION = YES;
				GCC_WARN_UNUSED_VARIABLE = YES;
				IPHONEOS_DEPLOYMENT_TARGET = 15.4;
				MTL_ENABLE_DEBUG_INFO = NO;
				MTL_FAST_MATH = YES;
				SDKROOT = iphoneos;
				SWIFT_COMPILATION_MODE = wholemodule;
				SWIFT_OPTIMIZATION_LEVEL = "-O";
				VALIDATE_PRODUCT = YES;
			};
			name = Release;
		};
		63547EB428B91FE200A03730 /* Debug */ = {
			isa = XCBuildConfiguration;
			buildSettings = {
				ASSETCATALOG_COMPILER_APPICON_NAME = AppIcon;
				ASSETCATALOG_COMPILER_GLOBAL_ACCENT_COLOR_NAME = AccentColor;
				CODE_SIGN_STYLE = Automatic;
				CURRENT_PROJECT_VERSION = 1;
				DEVELOPMENT_TEAM = RW8DRR2459;
				GENERATE_INFOPLIST_FILE = YES;
				INFOPLIST_FILE = Laword/Apps/Info.plist;
				INFOPLIST_KEY_NSMainNibFile = MainViewController;
				INFOPLIST_KEY_UIApplicationSupportsIndirectInputEvents = YES;
				INFOPLIST_KEY_UILaunchStoryboardName = LaunchScreen;
				INFOPLIST_KEY_UISupportedInterfaceOrientations = UIInterfaceOrientationPortrait;
				INFOPLIST_KEY_UISupportedInterfaceOrientations_iPad = "UIInterfaceOrientationPortrait UIInterfaceOrientationPortraitUpsideDown UIInterfaceOrientationLandscapeLeft UIInterfaceOrientationLandscapeRight";
				INFOPLIST_KEY_UISupportedInterfaceOrientations_iPhone = "UIInterfaceOrientationPortrait UIInterfaceOrientationLandscapeLeft UIInterfaceOrientationLandscapeRight";
				LD_RUNPATH_SEARCH_PATHS = (
					"$(inherited)",
					"@executable_path/Frameworks",
				);
				MARKETING_VERSION = 1.0;
				PRODUCT_BUNDLE_IDENTIFIER = moraWoo.Laword;
				PRODUCT_NAME = "$(TARGET_NAME)";
				SWIFT_EMIT_LOC_STRINGS = YES;
				SWIFT_VERSION = 5.0;
				TARGETED_DEVICE_FAMILY = 1;
			};
			name = Debug;
		};
		63547EB528B91FE200A03730 /* Release */ = {
			isa = XCBuildConfiguration;
			buildSettings = {
				ASSETCATALOG_COMPILER_APPICON_NAME = AppIcon;
				ASSETCATALOG_COMPILER_GLOBAL_ACCENT_COLOR_NAME = AccentColor;
				CODE_SIGN_STYLE = Automatic;
				CURRENT_PROJECT_VERSION = 1;
				DEVELOPMENT_TEAM = RW8DRR2459;
				GENERATE_INFOPLIST_FILE = YES;
				INFOPLIST_FILE = Laword/Apps/Info.plist;
				INFOPLIST_KEY_NSMainNibFile = MainViewController;
				INFOPLIST_KEY_UIApplicationSupportsIndirectInputEvents = YES;
				INFOPLIST_KEY_UILaunchStoryboardName = LaunchScreen;
				INFOPLIST_KEY_UISupportedInterfaceOrientations = UIInterfaceOrientationPortrait;
				INFOPLIST_KEY_UISupportedInterfaceOrientations_iPad = "UIInterfaceOrientationPortrait UIInterfaceOrientationPortraitUpsideDown UIInterfaceOrientationLandscapeLeft UIInterfaceOrientationLandscapeRight";
				INFOPLIST_KEY_UISupportedInterfaceOrientations_iPhone = "UIInterfaceOrientationPortrait UIInterfaceOrientationLandscapeLeft UIInterfaceOrientationLandscapeRight";
				LD_RUNPATH_SEARCH_PATHS = (
					"$(inherited)",
					"@executable_path/Frameworks",
				);
				MARKETING_VERSION = 1.0;
				PRODUCT_BUNDLE_IDENTIFIER = moraWoo.Laword;
				PRODUCT_NAME = "$(TARGET_NAME)";
				SWIFT_EMIT_LOC_STRINGS = YES;
				SWIFT_VERSION = 5.0;
				TARGETED_DEVICE_FAMILY = 1;
			};
			name = Release;
		};
/* End XCBuildConfiguration section */

/* Begin XCConfigurationList section */
		63547E9728B91FE000A03730 /* Build configuration list for PBXProject "Laword" */ = {
			isa = XCConfigurationList;
			buildConfigurations = (
				63547EB128B91FE200A03730 /* Debug */,
				63547EB228B91FE200A03730 /* Release */,
			);
			defaultConfigurationIsVisible = 0;
			defaultConfigurationName = Release;
		};
		63547EB328B91FE200A03730 /* Build configuration list for PBXNativeTarget "Laword" */ = {
			isa = XCConfigurationList;
			buildConfigurations = (
				63547EB428B91FE200A03730 /* Debug */,
				63547EB528B91FE200A03730 /* Release */,
			);
			defaultConfigurationIsVisible = 0;
			defaultConfigurationName = Release;
		};
/* End XCConfigurationList section */

/* Begin XCVersionGroup section */
		63547EA828B91FE100A03730 /* Laword.xcdatamodeld */ = {
			isa = XCVersionGroup;
			children = (
				63547EA928B91FE100A03730 /* Laword.xcdatamodel */,
			);
			currentVersion = 63547EA928B91FE100A03730 /* Laword.xcdatamodel */;
			path = Laword.xcdatamodeld;
			sourceTree = "<group>";
			versionGroupType = wrapper.xcdatamodel;
		};
/* End XCVersionGroup section */
	};
	rootObject = 63547E9428B91FE000A03730 /* Project object */;
}
